
Microsoft Visual Studio Solution File, Format Version 12.00
# Visual Studio Version 16
VisualStudioVersion = 16.0.30114.105
MinimumVisualStudioVersion = 10.0.40219.1
Project("{2150E333-8FDC-42A3-9474-1A3956D46DE8}") = "src", "src", "{0AC0C6C7-73FB-4AFB-9EC3-39382CE6A3EA}"
EndProject
Project("{2150E333-8FDC-42A3-9474-1A3956D46DE8}") = "Core", "Core", "{12C85F12-A7EA-4E2F-8306-CBD372ADF5EC}"
EndProject
Project("{2150E333-8FDC-42A3-9474-1A3956D46DE8}") = "Application", "Application", "{470DE4D9-3DF0-426A-8385-50C6D92F13A5}"
EndProject
Project("{2150E333-8FDC-42A3-9474-1A3956D46DE8}") = "Infrastructure", "Infrastructure", "{41CAF76C-D1A5-4B79-A3F6-F8E51BD289A1}"
EndProject
Project("{2150E333-8FDC-42A3-9474-1A3956D46DE8}") = "Tests", "Tests", "{56902B4B-C667-4B50-8C31-E5B8ED3FFD50}"
EndProject
Project("{2150E333-8FDC-42A3-9474-1A3956D46DE8}") = "UI", "UI", "{4A8C5C5A-1FCF-4D0A-82A5-1D6BF072BD98}"
EndProject
Project("{9A19103F-16F7-4668-BE54-9A1E7A4F7556}") = "DogsAPI.Backend.Core", "src\Core\DogsAPI.Backend.Core\DogsAPI.Backend.Core.csproj", "{4E9DCE53-D4EF-4579-8795-A2C6A97C2DCD}"
EndProject
Project("{9A19103F-16F7-4668-BE54-9A1E7A4F7556}") = "DogsAPI.Backend.DAL", "src\Infrastructure\DogsAPI.Backend.DAL\DogsAPI.Backend.DAL.csproj", "{03DA83A6-B088-4DEE-B06A-B484C3234E61}"
EndProject
Project("{9A19103F-16F7-4668-BE54-9A1E7A4F7556}") = "DogsAPI.Backend.Application", "src\Application\DogsAPI.Backend.Application\DogsAPI.Backend.Application.csproj", "{3B8D13C5-BCA1-4EB3-B422-0517A6BFF08A}"
EndProject
Project("{FAE04EC0-301F-11D3-BF4B-00C04F79EFBC}") = "DogsAPI.Backend.UI", "src\UI\DogsAPI.Backend.UI\DogsAPI.Backend.UI.csproj", "{DEA82AE7-F31B-480B-B7B1-AACDF787AD79}"
EndProject
Project("{FAE04EC0-301F-11D3-BF4B-00C04F79EFBC}") = "DogsAPI.Tests", "src\Tests\DogsAPI.Tests\DogsAPI.Tests.csproj", "{ACFA9CAE-688C-4D6B-8FD2-C01DD9F69D11}"
EndProject
Global
	GlobalSection(SolutionConfigurationPlatforms) = preSolution
		Debug|Any CPU = Debug|Any CPU
		Debug|x64 = Debug|x64
		Debug|x86 = Debug|x86
		Release|Any CPU = Release|Any CPU
		Release|x64 = Release|x64
		Release|x86 = Release|x86
	EndGlobalSection
	GlobalSection(ProjectConfigurationPlatforms) = postSolution
		{4E9DCE53-D4EF-4579-8795-A2C6A97C2DCD}.Debug|Any CPU.ActiveCfg = Debug|Any CPU
		{4E9DCE53-D4EF-4579-8795-A2C6A97C2DCD}.Debug|Any CPU.Build.0 = Debug|Any CPU
		{4E9DCE53-D4EF-4579-8795-A2C6A97C2DCD}.Debug|x64.ActiveCfg = Debug|Any CPU
		{4E9DCE53-D4EF-4579-8795-A2C6A97C2DCD}.Debug|x64.Build.0 = Debug|Any CPU
		{4E9DCE53-D4EF-4579-8795-A2C6A97C2DCD}.Debug|x86.ActiveCfg = Debug|Any CPU
		{4E9DCE53-D4EF-4579-8795-A2C6A97C2DCD}.Debug|x86.Build.0 = Debug|Any CPU
		{4E9DCE53-D4EF-4579-8795-A2C6A97C2DCD}.Release|Any CPU.ActiveCfg = Release|Any CPU
		{4E9DCE53-D4EF-4579-8795-A2C6A97C2DCD}.Release|Any CPU.Build.0 = Release|Any CPU
		{4E9DCE53-D4EF-4579-8795-A2C6A97C2DCD}.Release|x64.ActiveCfg = Release|Any CPU
		{4E9DCE53-D4EF-4579-8795-A2C6A97C2DCD}.Release|x64.Build.0 = Release|Any CPU
		{4E9DCE53-D4EF-4579-8795-A2C6A97C2DCD}.Release|x86.ActiveCfg = Release|Any CPU
		{4E9DCE53-D4EF-4579-8795-A2C6A97C2DCD}.Release|x86.Build.0 = Release|Any CPU
		{03DA83A6-B088-4DEE-B06A-B484C3234E61}.Debug|Any CPU.ActiveCfg = Debug|Any CPU
		{03DA83A6-B088-4DEE-B06A-B484C3234E61}.Debug|Any CPU.Build.0 = Debug|Any CPU
		{03DA83A6-B088-4DEE-B06A-B484C3234E61}.Debug|x64.ActiveCfg = Debug|Any CPU
		{03DA83A6-B088-4DEE-B06A-B484C3234E61}.Debug|x64.Build.0 = Debug|Any CPU
		{03DA83A6-B088-4DEE-B06A-B484C3234E61}.Debug|x86.ActiveCfg = Debug|Any CPU
		{03DA83A6-B088-4DEE-B06A-B484C3234E61}.Debug|x86.Build.0 = Debug|Any CPU
		{03DA83A6-B088-4DEE-B06A-B484C3234E61}.Release|Any CPU.ActiveCfg = Release|Any CPU
		{03DA83A6-B088-4DEE-B06A-B484C3234E61}.Release|Any CPU.Build.0 = Release|Any CPU
		{03DA83A6-B088-4DEE-B06A-B484C3234E61}.Release|x64.ActiveCfg = Release|Any CPU
		{03DA83A6-B088-4DEE-B06A-B484C3234E61}.Release|x64.Build.0 = Release|Any CPU
		{03DA83A6-B088-4DEE-B06A-B484C3234E61}.Release|x86.ActiveCfg = Release|Any CPU
		{03DA83A6-B088-4DEE-B06A-B484C3234E61}.Release|x86.Build.0 = Release|Any CPU
		{3B8D13C5-BCA1-4EB3-B422-0517A6BFF08A}.Debug|Any CPU.ActiveCfg = Debug|Any CPU
		{3B8D13C5-BCA1-4EB3-B422-0517A6BFF08A}.Debug|Any CPU.Build.0 = Debug|Any CPU
		{3B8D13C5-BCA1-4EB3-B422-0517A6BFF08A}.Debug|x64.ActiveCfg = Debug|Any CPU
		{3B8D13C5-BCA1-4EB3-B422-0517A6BFF08A}.Debug|x64.Build.0 = Debug|Any CPU
		{3B8D13C5-BCA1-4EB3-B422-0517A6BFF08A}.Debug|x86.ActiveCfg = Debug|Any CPU
		{3B8D13C5-BCA1-4EB3-B422-0517A6BFF08A}.Debug|x86.Build.0 = Debug|Any CPU
		{3B8D13C5-BCA1-4EB3-B422-0517A6BFF08A}.Release|Any CPU.ActiveCfg = Release|Any CPU
		{3B8D13C5-BCA1-4EB3-B422-0517A6BFF08A}.Release|Any CPU.Build.0 = Release|Any CPU
		{3B8D13C5-BCA1-4EB3-B422-0517A6BFF08A}.Release|x64.ActiveCfg = Release|Any CPU
		{3B8D13C5-BCA1-4EB3-B422-0517A6BFF08A}.Release|x64.Build.0 = Release|Any CPU
		{3B8D13C5-BCA1-4EB3-B422-0517A6BFF08A}.Release|x86.ActiveCfg = Release|Any CPU
		{3B8D13C5-BCA1-4EB3-B422-0517A6BFF08A}.Release|x86.Build.0 = Release|Any CPU
		{DEA82AE7-F31B-480B-B7B1-AACDF787AD79}.Debug|Any CPU.ActiveCfg = Debug|Any CPU
		{DEA82AE7-F31B-480B-B7B1-AACDF787AD79}.Debug|Any CPU.Build.0 = Debug|Any CPU
		{DEA82AE7-F31B-480B-B7B1-AACDF787AD79}.Debug|x64.ActiveCfg = Debug|Any CPU
		{DEA82AE7-F31B-480B-B7B1-AACDF787AD79}.Debug|x64.Build.0 = Debug|Any CPU
		{DEA82AE7-F31B-480B-B7B1-AACDF787AD79}.Debug|x86.ActiveCfg = Debug|Any CPU
		{DEA82AE7-F31B-480B-B7B1-AACDF787AD79}.Debug|x86.Build.0 = Debug|Any CPU
		{DEA82AE7-F31B-480B-B7B1-AACDF787AD79}.Release|Any CPU.ActiveCfg = Release|Any CPU
		{DEA82AE7-F31B-480B-B7B1-AACDF787AD79}.Release|Any CPU.Build.0 = Release|Any CPU
		{DEA82AE7-F31B-480B-B7B1-AACDF787AD79}.Release|x64.ActiveCfg = Release|Any CPU
		{DEA82AE7-F31B-480B-B7B1-AACDF787AD79}.Release|x64.Build.0 = Release|Any CPU
		{DEA82AE7-F31B-480B-B7B1-AACDF787AD79}.Release|x86.ActiveCfg = Release|Any CPU
		{DEA82AE7-F31B-480B-B7B1-AACDF787AD79}.Release|x86.Build.0 = Release|Any CPU
		{ACFA9CAE-688C-4D6B-8FD2-C01DD9F69D11}.Debug|Any CPU.ActiveCfg = Debug|Any CPU
		{ACFA9CAE-688C-4D6B-8FD2-C01DD9F69D11}.Debug|Any CPU.Build.0 = Debug|Any CPU
		{ACFA9CAE-688C-4D6B-8FD2-C01DD9F69D11}.Debug|x64.ActiveCfg = Debug|Any CPU
		{ACFA9CAE-688C-4D6B-8FD2-C01DD9F69D11}.Debug|x64.Build.0 = Debug|Any CPU
		{ACFA9CAE-688C-4D6B-8FD2-C01DD9F69D11}.Debug|x86.ActiveCfg = Debug|Any CPU
		{ACFA9CAE-688C-4D6B-8FD2-C01DD9F69D11}.Debug|x86.Build.0 = Debug|Any CPU
		{ACFA9CAE-688C-4D6B-8FD2-C01DD9F69D11}.Release|Any CPU.ActiveCfg = Release|Any CPU
		{ACFA9CAE-688C-4D6B-8FD2-C01DD9F69D11}.Release|Any CPU.Build.0 = Release|Any CPU
		{ACFA9CAE-688C-4D6B-8FD2-C01DD9F69D11}.Release|x64.ActiveCfg = Release|Any CPU
		{ACFA9CAE-688C-4D6B-8FD2-C01DD9F69D11}.Release|x64.Build.0 = Release|Any CPU
		{ACFA9CAE-688C-4D6B-8FD2-C01DD9F69D11}.Release|x86.ActiveCfg = Release|Any CPU
		{ACFA9CAE-688C-4D6B-8FD2-C01DD9F69D11}.Release|x86.Build.0 = Release|Any CPU
	EndGlobalSection
	GlobalSection(SolutionProperties) = preSolution
		HideSolutionNode = FALSE
	EndGlobalSection
	GlobalSection(NestedProjects) = preSolution
		{12C85F12-A7EA-4E2F-8306-CBD372ADF5EC} = {0AC0C6C7-73FB-4AFB-9EC3-39382CE6A3EA}
		{470DE4D9-3DF0-426A-8385-50C6D92F13A5} = {0AC0C6C7-73FB-4AFB-9EC3-39382CE6A3EA}
		{41CAF76C-D1A5-4B79-A3F6-F8E51BD289A1} = {0AC0C6C7-73FB-4AFB-9EC3-39382CE6A3EA}
		{56902B4B-C667-4B50-8C31-E5B8ED3FFD50} = {0AC0C6C7-73FB-4AFB-9EC3-39382CE6A3EA}
		{4A8C5C5A-1FCF-4D0A-82A5-1D6BF072BD98} = {0AC0C6C7-73FB-4AFB-9EC3-39382CE6A3EA}
		{4E9DCE53-D4EF-4579-8795-A2C6A97C2DCD} = {12C85F12-A7EA-4E2F-8306-CBD372ADF5EC}
		{03DA83A6-B088-4DEE-B06A-B484C3234E61} = {41CAF76C-D1A5-4B79-A3F6-F8E51BD289A1}
		{3B8D13C5-BCA1-4EB3-B422-0517A6BFF08A} = {470DE4D9-3DF0-426A-8385-50C6D92F13A5}
		{DEA82AE7-F31B-480B-B7B1-AACDF787AD79} = {4A8C5C5A-1FCF-4D0A-82A5-1D6BF072BD98}
		{ACFA9CAE-688C-4D6B-8FD2-C01DD9F69D11} = {56902B4B-C667-4B50-8C31-E5B8ED3FFD50}
	EndGlobalSection
	GlobalSection(ExtensibilityGlobals) = postSolution
		SolutionGuid = {3D01F3CC-C725-4044-8E35-D0B6B13B4045}
	EndGlobalSection
EndGlobal
